
Microsoft Visual Studio Solution File, Format Version 12.00
# Visual Studio 2012
Project("{FAE04EC0-301F-11D3-BF4B-00C04F79EFBC}") = "XamPaint", "XamPaint\XamPaint.csproj", "{C4BA69C4-4A8A-4C7E-A831-30D53D4430FD}"
EndProject
Project("{FAE04EC0-301F-11D3-BF4B-00C04F79EFBC}") = "XamPaint.UITests", "XamPaint.UITests\XamPaint.UITests.csproj", "{FCA0F935-E199-49C4-8079-8DC358D3E9B3}"
EndProject
Global
	GlobalSection(SolutionConfigurationPlatforms) = preSolution
		Debug|Any CPU = Debug|Any CPU
		Release|Any CPU = Release|Any CPU
	EndGlobalSection
	GlobalSection(ProjectConfigurationPlatforms) = postSolution
		{C4BA69C4-4A8A-4C7E-A831-30D53D4430FD}.Debug|Any CPU.ActiveCfg = Debug|Any CPU
		{C4BA69C4-4A8A-4C7E-A831-30D53D4430FD}.Debug|Any CPU.Build.0 = Debug|Any CPU
		{C4BA69C4-4A8A-4C7E-A831-30D53D4430FD}.Release|Any CPU.ActiveCfg = Release|Any CPU
		{C4BA69C4-4A8A-4C7E-A831-30D53D4430FD}.Release|Any CPU.Build.0 = Release|Any CPU
		{FCA0F935-E199-49C4-8079-8DC358D3E9B3}.Debug|Any CPU.ActiveCfg = Debug|Any CPU
		{FCA0F935-E199-49C4-8079-8DC358D3E9B3}.Debug|Any CPU.Build.0 = Debug|Any CPU
		{FCA0F935-E199-49C4-8079-8DC358D3E9B3}.Release|Any CPU.ActiveCfg = Release|Any CPU
		{FCA0F935-E199-49C4-8079-8DC358D3E9B3}.Release|Any CPU.Build.0 = Release|Any CPU
	EndGlobalSection
EndGlobal
