
Microsoft Visual Studio Solution File, Format Version 12.00
# Visual Studio 2012
Project("{FAE04EC0-301F-11D3-BF4B-00C04F79EFBC}") = "MultiTouch", "MultiTouch\MultiTouch.csproj", "{ABF1D554-DDE8-47D9-A1D6-543A13B9AB08}"
EndProject
Project("{FAE04EC0-301F-11D3-BF4B-00C04F79EFBC}") = "DragAndDrop", "DragAndDrop\DragAndDrop.csproj", "{456523D1-9DC1-43B5-BFEB-DC3D1C19ACF9}"
EndProject
Global
	GlobalSection(SolutionConfigurationPlatforms) = preSolution
		Debug|Any CPU = Debug|Any CPU
		Release|Any CPU = Release|Any CPU
	EndGlobalSection
	GlobalSection(ProjectConfigurationPlatforms) = postSolution
		{456523D1-9DC1-43B5-BFEB-DC3D1C19ACF9}.Debug|Any CPU.ActiveCfg = Debug|Any CPU
		{456523D1-9DC1-43B5-BFEB-DC3D1C19ACF9}.Debug|Any CPU.Build.0 = Debug|Any CPU
		{456523D1-9DC1-43B5-BFEB-DC3D1C19ACF9}.Release|Any CPU.ActiveCfg = Release|Any CPU
		{456523D1-9DC1-43B5-BFEB-DC3D1C19ACF9}.Release|Any CPU.Build.0 = Release|Any CPU
		{ABF1D554-DDE8-47D9-A1D6-543A13B9AB08}.Debug|Any CPU.ActiveCfg = Debug|Any CPU
		{ABF1D554-DDE8-47D9-A1D6-543A13B9AB08}.Debug|Any CPU.Build.0 = Debug|Any CPU
		{ABF1D554-DDE8-47D9-A1D6-543A13B9AB08}.Release|Any CPU.ActiveCfg = Release|Any CPU
		{ABF1D554-DDE8-47D9-A1D6-543A13B9AB08}.Release|Any CPU.Build.0 = Release|Any CPU
	EndGlobalSection
EndGlobal
