
Microsoft Visual Studio Solution File, Format Version 12.00
# Visual Studio 2012
Project("{FAE04EC0-301F-11D3-BF4B-00C04F79EFBC}") = "MultiTouch", "MultiTouch\MultiTouch.csproj", "{ABF1D554-DDE8-47D9-A1D6-543A13B9AB08}"
EndProject
Project("{FAE04EC0-301F-11D3-BF4B-00C04F79EFBC}") = "DragAndDrop", "DragAndDrop\DragAndDrop.csproj", "{456523D1-9DC1-43B5-BFEB-DC3D1C19ACF9}"
EndProject
Project("{FAE04EC0-301F-11D3-BF4B-00C04F79EFBC}") = "ViewDrag", "ViewDrag\ViewDrag.csproj", "{34913B18-77A6-46BD-BC13-1E4CC5E18462}"
EndProject
Project("{FAE04EC0-301F-11D3-BF4B-00C04F79EFBC}") = "DragAndDropEvents", "DragAndDropEvents\DragAndDropEvents.csproj", "{EDE8FD60-0B17-4CA6-9ED5-E4947938765A}"
EndProject
Global
	GlobalSection(SolutionConfigurationPlatforms) = preSolution
		Debug|Any CPU = Debug|Any CPU
		Release|Any CPU = Release|Any CPU
	EndGlobalSection
	GlobalSection(ProjectConfigurationPlatforms) = postSolution
		{34913B18-77A6-46BD-BC13-1E4CC5E18462}.Debug|Any CPU.ActiveCfg = Debug|Any CPU
		{34913B18-77A6-46BD-BC13-1E4CC5E18462}.Debug|Any CPU.Build.0 = Debug|Any CPU
		{34913B18-77A6-46BD-BC13-1E4CC5E18462}.Release|Any CPU.ActiveCfg = Release|Any CPU
		{34913B18-77A6-46BD-BC13-1E4CC5E18462}.Release|Any CPU.Build.0 = Release|Any CPU
		{456523D1-9DC1-43B5-BFEB-DC3D1C19ACF9}.Debug|Any CPU.ActiveCfg = Debug|Any CPU
		{456523D1-9DC1-43B5-BFEB-DC3D1C19ACF9}.Debug|Any CPU.Build.0 = Debug|Any CPU
		{456523D1-9DC1-43B5-BFEB-DC3D1C19ACF9}.Release|Any CPU.ActiveCfg = Release|Any CPU
		{456523D1-9DC1-43B5-BFEB-DC3D1C19ACF9}.Release|Any CPU.Build.0 = Release|Any CPU
		{ABF1D554-DDE8-47D9-A1D6-543A13B9AB08}.Debug|Any CPU.ActiveCfg = Debug|Any CPU
		{ABF1D554-DDE8-47D9-A1D6-543A13B9AB08}.Debug|Any CPU.Build.0 = Debug|Any CPU
		{ABF1D554-DDE8-47D9-A1D6-543A13B9AB08}.Release|Any CPU.ActiveCfg = Release|Any CPU
		{ABF1D554-DDE8-47D9-A1D6-543A13B9AB08}.Release|Any CPU.Build.0 = Release|Any CPU
		{EDE8FD60-0B17-4CA6-9ED5-E4947938765A}.Debug|Any CPU.ActiveCfg = Debug|Any CPU
		{EDE8FD60-0B17-4CA6-9ED5-E4947938765A}.Debug|Any CPU.Build.0 = Debug|Any CPU
		{EDE8FD60-0B17-4CA6-9ED5-E4947938765A}.Release|Any CPU.ActiveCfg = Release|Any CPU
		{EDE8FD60-0B17-4CA6-9ED5-E4947938765A}.Release|Any CPU.Build.0 = Release|Any CPU
	EndGlobalSection
EndGlobal
