
Microsoft Visual Studio Solution File, Format Version 12.00
# Visual Studio 2012
Project("{FAE04EC0-301F-11D3-BF4B-00C04F79EFBC}") = "ScaleGesture", "ScaleGesture\ScaleGesture.csproj", "{158BD929-C14F-4631-B0EB-96584EB726A5}"
EndProject
Project("{FAE04EC0-301F-11D3-BF4B-00C04F79EFBC}") = "ScrollGesture", "ScrollGesture\ScrollGesture.csproj", "{ABF39370-0DA8-4607-B980-6D930A6F852C}"
EndProject
Project("{FAE04EC0-301F-11D3-BF4B-00C04F79EFBC}") = "RotationGesture", "RotationGesture\RotationGesture.csproj", "{B89E0EF9-737A-4555-82DE-0A372AE95350}"
EndProject
Global
	GlobalSection(SolutionConfigurationPlatforms) = preSolution
		Debug|Any CPU = Debug|Any CPU
		Release|Any CPU = Release|Any CPU
	EndGlobalSection
	GlobalSection(ProjectConfigurationPlatforms) = postSolution
		{158BD929-C14F-4631-B0EB-96584EB726A5}.Debug|Any CPU.ActiveCfg = Debug|Any CPU
		{158BD929-C14F-4631-B0EB-96584EB726A5}.Debug|Any CPU.Build.0 = Debug|Any CPU
		{158BD929-C14F-4631-B0EB-96584EB726A5}.Release|Any CPU.ActiveCfg = Release|Any CPU
		{158BD929-C14F-4631-B0EB-96584EB726A5}.Release|Any CPU.Build.0 = Release|Any CPU
		{ABF39370-0DA8-4607-B980-6D930A6F852C}.Debug|Any CPU.ActiveCfg = Debug|Any CPU
		{ABF39370-0DA8-4607-B980-6D930A6F852C}.Debug|Any CPU.Build.0 = Debug|Any CPU
		{ABF39370-0DA8-4607-B980-6D930A6F852C}.Release|Any CPU.ActiveCfg = Release|Any CPU
		{ABF39370-0DA8-4607-B980-6D930A6F852C}.Release|Any CPU.Build.0 = Release|Any CPU
		{B89E0EF9-737A-4555-82DE-0A372AE95350}.Debug|Any CPU.ActiveCfg = Debug|Any CPU
		{B89E0EF9-737A-4555-82DE-0A372AE95350}.Debug|Any CPU.Build.0 = Debug|Any CPU
		{B89E0EF9-737A-4555-82DE-0A372AE95350}.Release|Any CPU.ActiveCfg = Release|Any CPU
		{B89E0EF9-737A-4555-82DE-0A372AE95350}.Release|Any CPU.Build.0 = Release|Any CPU
	EndGlobalSection
EndGlobal
